
Microsoft Visual Studio Solution File, Format Version 12.00
# Visual Studio 15
VisualStudioVersion = 15.0.26124.0
MinimumVisualStudioVersion = 15.0.26124.0
Project("{FAE04EC0-301F-11D3-BF4B-00C04F79EFBC}") = "application", "Api.Application\application.csproj", "{985FEA69-BBB6-4DAA-88D0-822E74DF3129}"
EndProject
Project("{FAE04EC0-301F-11D3-BF4B-00C04F79EFBC}") = "Domain", "Api.Domain\Domain.csproj", "{D4D91A61-3C6E-4790-98C7-E32513E0E5BE}"
EndProject
Project("{FAE04EC0-301F-11D3-BF4B-00C04F79EFBC}") = "CrossCutting", "Api.CrossCutting\CrossCutting.csproj", "{2D8E70DC-89F8-45ED-AF55-B99094976F2C}"
EndProject
Project("{FAE04EC0-301F-11D3-BF4B-00C04F79EFBC}") = "Data", "Api.Data\Data.csproj", "{F5BE5B0F-5C4A-4E47-8FB9-F2DBE2144368}"
EndProject
Project("{FAE04EC0-301F-11D3-BF4B-00C04F79EFBC}") = "Service", "Api.Service\Service.csproj", "{8A825748-A2CC-4062-9C9F-C31D596CA4A5}"
EndProject
Project("{FAE04EC0-301F-11D3-BF4B-00C04F79EFBC}") = "Api.Data.Test", "Api.Data.test\Api.Data.Test.csproj", "{1D9AA239-A838-4D95-BFB5-780BF5DAFEB2}"
EndProject
Project("{FAE04EC0-301F-11D3-BF4B-00C04F79EFBC}") = "Api.Service.Test", "Api.Service.Test\Api.Service.Test.csproj", "{900D30AB-7112-4D6F-A6AB-DE750092FBFE}"
EndProject
Project("{FAE04EC0-301F-11D3-BF4B-00C04F79EFBC}") = "Api.Application.Test", "Api.Application.Test\Api.Application.Test.csproj", "{8F0202F7-FED7-4B27-BDB0-2BE2F29C0D5C}"
EndProject
Global
	GlobalSection(SolutionConfigurationPlatforms) = preSolution
		Debug|Any CPU = Debug|Any CPU
		Debug|x64 = Debug|x64
		Debug|x86 = Debug|x86
		Release|Any CPU = Release|Any CPU
		Release|x64 = Release|x64
		Release|x86 = Release|x86
	EndGlobalSection
	GlobalSection(SolutionProperties) = preSolution
		HideSolutionNode = FALSE
	EndGlobalSection
	GlobalSection(ProjectConfigurationPlatforms) = postSolution
		{985FEA69-BBB6-4DAA-88D0-822E74DF3129}.Debug|Any CPU.ActiveCfg = Debug|Any CPU
		{985FEA69-BBB6-4DAA-88D0-822E74DF3129}.Debug|Any CPU.Build.0 = Debug|Any CPU
		{985FEA69-BBB6-4DAA-88D0-822E74DF3129}.Debug|x64.ActiveCfg = Debug|Any CPU
		{985FEA69-BBB6-4DAA-88D0-822E74DF3129}.Debug|x64.Build.0 = Debug|Any CPU
		{985FEA69-BBB6-4DAA-88D0-822E74DF3129}.Debug|x86.ActiveCfg = Debug|Any CPU
		{985FEA69-BBB6-4DAA-88D0-822E74DF3129}.Debug|x86.Build.0 = Debug|Any CPU
		{985FEA69-BBB6-4DAA-88D0-822E74DF3129}.Release|Any CPU.ActiveCfg = Release|Any CPU
		{985FEA69-BBB6-4DAA-88D0-822E74DF3129}.Release|Any CPU.Build.0 = Release|Any CPU
		{985FEA69-BBB6-4DAA-88D0-822E74DF3129}.Release|x64.ActiveCfg = Release|Any CPU
		{985FEA69-BBB6-4DAA-88D0-822E74DF3129}.Release|x64.Build.0 = Release|Any CPU
		{985FEA69-BBB6-4DAA-88D0-822E74DF3129}.Release|x86.ActiveCfg = Release|Any CPU
		{985FEA69-BBB6-4DAA-88D0-822E74DF3129}.Release|x86.Build.0 = Release|Any CPU
		{D4D91A61-3C6E-4790-98C7-E32513E0E5BE}.Debug|Any CPU.ActiveCfg = Debug|Any CPU
		{D4D91A61-3C6E-4790-98C7-E32513E0E5BE}.Debug|Any CPU.Build.0 = Debug|Any CPU
		{D4D91A61-3C6E-4790-98C7-E32513E0E5BE}.Debug|x64.ActiveCfg = Debug|Any CPU
		{D4D91A61-3C6E-4790-98C7-E32513E0E5BE}.Debug|x64.Build.0 = Debug|Any CPU
		{D4D91A61-3C6E-4790-98C7-E32513E0E5BE}.Debug|x86.ActiveCfg = Debug|Any CPU
		{D4D91A61-3C6E-4790-98C7-E32513E0E5BE}.Debug|x86.Build.0 = Debug|Any CPU
		{D4D91A61-3C6E-4790-98C7-E32513E0E5BE}.Release|Any CPU.ActiveCfg = Release|Any CPU
		{D4D91A61-3C6E-4790-98C7-E32513E0E5BE}.Release|Any CPU.Build.0 = Release|Any CPU
		{D4D91A61-3C6E-4790-98C7-E32513E0E5BE}.Release|x64.ActiveCfg = Release|Any CPU
		{D4D91A61-3C6E-4790-98C7-E32513E0E5BE}.Release|x64.Build.0 = Release|Any CPU
		{D4D91A61-3C6E-4790-98C7-E32513E0E5BE}.Release|x86.ActiveCfg = Release|Any CPU
		{D4D91A61-3C6E-4790-98C7-E32513E0E5BE}.Release|x86.Build.0 = Release|Any CPU
		{2D8E70DC-89F8-45ED-AF55-B99094976F2C}.Debug|Any CPU.ActiveCfg = Debug|Any CPU
		{2D8E70DC-89F8-45ED-AF55-B99094976F2C}.Debug|Any CPU.Build.0 = Debug|Any CPU
		{2D8E70DC-89F8-45ED-AF55-B99094976F2C}.Debug|x64.ActiveCfg = Debug|Any CPU
		{2D8E70DC-89F8-45ED-AF55-B99094976F2C}.Debug|x64.Build.0 = Debug|Any CPU
		{2D8E70DC-89F8-45ED-AF55-B99094976F2C}.Debug|x86.ActiveCfg = Debug|Any CPU
		{2D8E70DC-89F8-45ED-AF55-B99094976F2C}.Debug|x86.Build.0 = Debug|Any CPU
		{2D8E70DC-89F8-45ED-AF55-B99094976F2C}.Release|Any CPU.ActiveCfg = Release|Any CPU
		{2D8E70DC-89F8-45ED-AF55-B99094976F2C}.Release|Any CPU.Build.0 = Release|Any CPU
		{2D8E70DC-89F8-45ED-AF55-B99094976F2C}.Release|x64.ActiveCfg = Release|Any CPU
		{2D8E70DC-89F8-45ED-AF55-B99094976F2C}.Release|x64.Build.0 = Release|Any CPU
		{2D8E70DC-89F8-45ED-AF55-B99094976F2C}.Release|x86.ActiveCfg = Release|Any CPU
		{2D8E70DC-89F8-45ED-AF55-B99094976F2C}.Release|x86.Build.0 = Release|Any CPU
		{F5BE5B0F-5C4A-4E47-8FB9-F2DBE2144368}.Debug|Any CPU.ActiveCfg = Debug|Any CPU
		{F5BE5B0F-5C4A-4E47-8FB9-F2DBE2144368}.Debug|Any CPU.Build.0 = Debug|Any CPU
		{F5BE5B0F-5C4A-4E47-8FB9-F2DBE2144368}.Debug|x64.ActiveCfg = Debug|Any CPU
		{F5BE5B0F-5C4A-4E47-8FB9-F2DBE2144368}.Debug|x64.Build.0 = Debug|Any CPU
		{F5BE5B0F-5C4A-4E47-8FB9-F2DBE2144368}.Debug|x86.ActiveCfg = Debug|Any CPU
		{F5BE5B0F-5C4A-4E47-8FB9-F2DBE2144368}.Debug|x86.Build.0 = Debug|Any CPU
		{F5BE5B0F-5C4A-4E47-8FB9-F2DBE2144368}.Release|Any CPU.ActiveCfg = Release|Any CPU
		{F5BE5B0F-5C4A-4E47-8FB9-F2DBE2144368}.Release|Any CPU.Build.0 = Release|Any CPU
		{F5BE5B0F-5C4A-4E47-8FB9-F2DBE2144368}.Release|x64.ActiveCfg = Release|Any CPU
		{F5BE5B0F-5C4A-4E47-8FB9-F2DBE2144368}.Release|x64.Build.0 = Release|Any CPU
		{F5BE5B0F-5C4A-4E47-8FB9-F2DBE2144368}.Release|x86.ActiveCfg = Release|Any CPU
		{F5BE5B0F-5C4A-4E47-8FB9-F2DBE2144368}.Release|x86.Build.0 = Release|Any CPU
		{8A825748-A2CC-4062-9C9F-C31D596CA4A5}.Debug|Any CPU.ActiveCfg = Debug|Any CPU
		{8A825748-A2CC-4062-9C9F-C31D596CA4A5}.Debug|Any CPU.Build.0 = Debug|Any CPU
		{8A825748-A2CC-4062-9C9F-C31D596CA4A5}.Debug|x64.ActiveCfg = Debug|Any CPU
		{8A825748-A2CC-4062-9C9F-C31D596CA4A5}.Debug|x64.Build.0 = Debug|Any CPU
		{8A825748-A2CC-4062-9C9F-C31D596CA4A5}.Debug|x86.ActiveCfg = Debug|Any CPU
		{8A825748-A2CC-4062-9C9F-C31D596CA4A5}.Debug|x86.Build.0 = Debug|Any CPU
		{8A825748-A2CC-4062-9C9F-C31D596CA4A5}.Release|Any CPU.ActiveCfg = Release|Any CPU
		{8A825748-A2CC-4062-9C9F-C31D596CA4A5}.Release|Any CPU.Build.0 = Release|Any CPU
		{8A825748-A2CC-4062-9C9F-C31D596CA4A5}.Release|x64.ActiveCfg = Release|Any CPU
		{8A825748-A2CC-4062-9C9F-C31D596CA4A5}.Release|x64.Build.0 = Release|Any CPU
		{8A825748-A2CC-4062-9C9F-C31D596CA4A5}.Release|x86.ActiveCfg = Release|Any CPU
		{8A825748-A2CC-4062-9C9F-C31D596CA4A5}.Release|x86.Build.0 = Release|Any CPU
		{1D9AA239-A838-4D95-BFB5-780BF5DAFEB2}.Debug|Any CPU.ActiveCfg = Debug|Any CPU
		{1D9AA239-A838-4D95-BFB5-780BF5DAFEB2}.Debug|Any CPU.Build.0 = Debug|Any CPU
		{1D9AA239-A838-4D95-BFB5-780BF5DAFEB2}.Debug|x64.ActiveCfg = Debug|Any CPU
		{1D9AA239-A838-4D95-BFB5-780BF5DAFEB2}.Debug|x64.Build.0 = Debug|Any CPU
		{1D9AA239-A838-4D95-BFB5-780BF5DAFEB2}.Debug|x86.ActiveCfg = Debug|Any CPU
		{1D9AA239-A838-4D95-BFB5-780BF5DAFEB2}.Debug|x86.Build.0 = Debug|Any CPU
		{1D9AA239-A838-4D95-BFB5-780BF5DAFEB2}.Release|Any CPU.ActiveCfg = Release|Any CPU
		{1D9AA239-A838-4D95-BFB5-780BF5DAFEB2}.Release|Any CPU.Build.0 = Release|Any CPU
		{1D9AA239-A838-4D95-BFB5-780BF5DAFEB2}.Release|x64.ActiveCfg = Release|Any CPU
		{1D9AA239-A838-4D95-BFB5-780BF5DAFEB2}.Release|x64.Build.0 = Release|Any CPU
		{1D9AA239-A838-4D95-BFB5-780BF5DAFEB2}.Release|x86.ActiveCfg = Release|Any CPU
		{1D9AA239-A838-4D95-BFB5-780BF5DAFEB2}.Release|x86.Build.0 = Release|Any CPU
		{900D30AB-7112-4D6F-A6AB-DE750092FBFE}.Debug|Any CPU.ActiveCfg = Debug|Any CPU
		{900D30AB-7112-4D6F-A6AB-DE750092FBFE}.Debug|Any CPU.Build.0 = Debug|Any CPU
		{900D30AB-7112-4D6F-A6AB-DE750092FBFE}.Debug|x64.ActiveCfg = Debug|Any CPU
		{900D30AB-7112-4D6F-A6AB-DE750092FBFE}.Debug|x64.Build.0 = Debug|Any CPU
		{900D30AB-7112-4D6F-A6AB-DE750092FBFE}.Debug|x86.ActiveCfg = Debug|Any CPU
		{900D30AB-7112-4D6F-A6AB-DE750092FBFE}.Debug|x86.Build.0 = Debug|Any CPU
		{900D30AB-7112-4D6F-A6AB-DE750092FBFE}.Release|Any CPU.ActiveCfg = Release|Any CPU
		{900D30AB-7112-4D6F-A6AB-DE750092FBFE}.Release|Any CPU.Build.0 = Release|Any CPU
		{900D30AB-7112-4D6F-A6AB-DE750092FBFE}.Release|x64.ActiveCfg = Release|Any CPU
		{900D30AB-7112-4D6F-A6AB-DE750092FBFE}.Release|x64.Build.0 = Release|Any CPU
		{900D30AB-7112-4D6F-A6AB-DE750092FBFE}.Release|x86.ActiveCfg = Release|Any CPU
		{900D30AB-7112-4D6F-A6AB-DE750092FBFE}.Release|x86.Build.0 = Release|Any CPU
		{8F0202F7-FED7-4B27-BDB0-2BE2F29C0D5C}.Debug|Any CPU.ActiveCfg = Debug|Any CPU
		{8F0202F7-FED7-4B27-BDB0-2BE2F29C0D5C}.Debug|Any CPU.Build.0 = Debug|Any CPU
		{8F0202F7-FED7-4B27-BDB0-2BE2F29C0D5C}.Debug|x64.ActiveCfg = Debug|Any CPU
		{8F0202F7-FED7-4B27-BDB0-2BE2F29C0D5C}.Debug|x64.Build.0 = Debug|Any CPU
		{8F0202F7-FED7-4B27-BDB0-2BE2F29C0D5C}.Debug|x86.ActiveCfg = Debug|Any CPU
		{8F0202F7-FED7-4B27-BDB0-2BE2F29C0D5C}.Debug|x86.Build.0 = Debug|Any CPU
		{8F0202F7-FED7-4B27-BDB0-2BE2F29C0D5C}.Release|Any CPU.ActiveCfg = Release|Any CPU
		{8F0202F7-FED7-4B27-BDB0-2BE2F29C0D5C}.Release|Any CPU.Build.0 = Release|Any CPU
		{8F0202F7-FED7-4B27-BDB0-2BE2F29C0D5C}.Release|x64.ActiveCfg = Release|Any CPU
		{8F0202F7-FED7-4B27-BDB0-2BE2F29C0D5C}.Release|x64.Build.0 = Release|Any CPU
		{8F0202F7-FED7-4B27-BDB0-2BE2F29C0D5C}.Release|x86.ActiveCfg = Release|Any CPU
		{8F0202F7-FED7-4B27-BDB0-2BE2F29C0D5C}.Release|x86.Build.0 = Release|Any CPU
	EndGlobalSection
EndGlobal
